
Microsoft Visual Studio Solution File, Format Version 12.00
# Visual Studio 15
VisualStudioVersion = 15.0.27004.2005
MinimumVisualStudioVersion = 10.0.40219.1
Project("{FAE04EC0-301F-11D3-BF4B-00C04F79EFBC}") = "PayService", "PayService\PayService.csproj", "{04D49DD0-25FF-4F7A-BCB7-94E5B028E078}"
EndProject
Global
	GlobalSection(SolutionConfigurationPlatforms) = preSolution
		Debug|Any CPU = Debug|Any CPU
		Release|Any CPU = Release|Any CPU
	EndGlobalSection
	GlobalSection(ProjectConfigurationPlatforms) = postSolution
		{04D49DD0-25FF-4F7A-BCB7-94E5B028E078}.Debug|Any CPU.ActiveCfg = Debug|Any CPU
		{04D49DD0-25FF-4F7A-BCB7-94E5B028E078}.Debug|Any CPU.Build.0 = Debug|Any CPU
		{04D49DD0-25FF-4F7A-BCB7-94E5B028E078}.Release|Any CPU.ActiveCfg = Release|Any CPU
		{04D49DD0-25FF-4F7A-BCB7-94E5B028E078}.Release|Any CPU.Build.0 = Release|Any CPU
	EndGlobalSection
	GlobalSection(SolutionProperties) = preSolution
		HideSolutionNode = FALSE
	EndGlobalSection
	GlobalSection(ExtensibilityGlobals) = postSolution
		SolutionGuid = {A9D382C2-F076-43DB-BD32-2E8FDB27C485}
	EndGlobalSection
EndGlobal
