
Microsoft Visual Studio Solution File, Format Version 12.00
# Visual Studio 15
VisualStudioVersion = 15.0.27004.2005
MinimumVisualStudioVersion = 10.0.40219.1
Project("{FAE04EC0-301F-11D3-BF4B-00C04F79EFBC}") = "OnlineShop", "OnlineShop\OnlineShop.csproj", "{22E139E0-357A-4786-96F0-53730875DF53}"
EndProject
Project("{FAE04EC0-301F-11D3-BF4B-00C04F79EFBC}") = "OnlineShop.Tests", "OnlineShop.Tests\OnlineShop.Tests.csproj", "{C6965FED-342E-41E5-933B-8EBE2578A24B}"
EndProject
Global
	GlobalSection(SolutionConfigurationPlatforms) = preSolution
		Debug|Any CPU = Debug|Any CPU
		Release|Any CPU = Release|Any CPU
	EndGlobalSection
	GlobalSection(ProjectConfigurationPlatforms) = postSolution
		{22E139E0-357A-4786-96F0-53730875DF53}.Debug|Any CPU.ActiveCfg = Debug|Any CPU
		{22E139E0-357A-4786-96F0-53730875DF53}.Debug|Any CPU.Build.0 = Debug|Any CPU
		{22E139E0-357A-4786-96F0-53730875DF53}.Release|Any CPU.ActiveCfg = Release|Any CPU
		{22E139E0-357A-4786-96F0-53730875DF53}.Release|Any CPU.Build.0 = Release|Any CPU
		{C6965FED-342E-41E5-933B-8EBE2578A24B}.Debug|Any CPU.ActiveCfg = Debug|Any CPU
		{C6965FED-342E-41E5-933B-8EBE2578A24B}.Debug|Any CPU.Build.0 = Debug|Any CPU
		{C6965FED-342E-41E5-933B-8EBE2578A24B}.Release|Any CPU.ActiveCfg = Release|Any CPU
		{C6965FED-342E-41E5-933B-8EBE2578A24B}.Release|Any CPU.Build.0 = Release|Any CPU
	EndGlobalSection
	GlobalSection(SolutionProperties) = preSolution
		HideSolutionNode = FALSE
	EndGlobalSection
	GlobalSection(ExtensibilityGlobals) = postSolution
		SolutionGuid = {265FA739-2A06-485B-B200-FCA48F7EA73D}
	EndGlobalSection
EndGlobal
